
Microsoft Visual Studio Solution File, Format Version 12.00
# Visual Studio Version 16
VisualStudioVersion = 16.0.31702.278
MinimumVisualStudioVersion = 10.0.40219.1
Project("{FAE04EC0-301F-11D3-BF4B-00C04F79EFBC}") = "CheckBoxyCombobox", "CheckBoxyCombobox\CheckBoxyCombobox.csproj", "{999DC2E6-105B-40B3-9285-0C2CEAE64AB1}"
EndProject
Global
	GlobalSection(SolutionConfigurationPlatforms) = preSolution
		Debug|Any CPU = Debug|Any CPU
		Release|Any CPU = Release|Any CPU
	EndGlobalSection
	GlobalSection(ProjectConfigurationPlatforms) = postSolution
		{999DC2E6-105B-40B3-9285-0C2CEAE64AB1}.Debug|Any CPU.ActiveCfg = Debug|Any CPU
		{999DC2E6-105B-40B3-9285-0C2CEAE64AB1}.Debug|Any CPU.Build.0 = Debug|Any CPU
		{999DC2E6-105B-40B3-9285-0C2CEAE64AB1}.Release|Any CPU.ActiveCfg = Release|Any CPU
		{999DC2E6-105B-40B3-9285-0C2CEAE64AB1}.Release|Any CPU.Build.0 = Release|Any CPU
	EndGlobalSection
	GlobalSection(SolutionProperties) = preSolution
		HideSolutionNode = FALSE
	EndGlobalSection
	GlobalSection(ExtensibilityGlobals) = postSolution
		SolutionGuid = {DEE8AAC1-0D8D-4EDE-B6AF-7AA8A2B57DD5}
	EndGlobalSection
EndGlobal
